
Microsoft Visual Studio Solution File, Format Version 12.00
# Visual Studio Version 17
VisualStudioVersion = 17.5.002.0
MinimumVisualStudioVersion = 10.0.40219.1
Project("{9A19103F-16F7-4668-BE54-9A1E7A4F7556}") = "JsonDict", "JsonDict.csproj", "{284C30E0-5ECF-44B2-87FF-537ADCB02B5B}"
EndProject
Global
	GlobalSection(SolutionConfigurationPlatforms) = preSolution
		Debug|Any CPU = Debug|Any CPU
		Release|Any CPU = Release|Any CPU
	EndGlobalSection
	GlobalSection(ProjectConfigurationPlatforms) = postSolution
		{284C30E0-5ECF-44B2-87FF-537ADCB02B5B}.Debug|Any CPU.ActiveCfg = Debug|Any CPU
		{284C30E0-5ECF-44B2-87FF-537ADCB02B5B}.Debug|Any CPU.Build.0 = Debug|Any CPU
		{284C30E0-5ECF-44B2-87FF-537ADCB02B5B}.Release|Any CPU.ActiveCfg = Release|Any CPU
		{284C30E0-5ECF-44B2-87FF-537ADCB02B5B}.Release|Any CPU.Build.0 = Release|Any CPU
	EndGlobalSection
	GlobalSection(SolutionProperties) = preSolution
		HideSolutionNode = FALSE
	EndGlobalSection
	GlobalSection(ExtensibilityGlobals) = postSolution
		SolutionGuid = {5A7EE8C6-1138-4776-A998-503BDA022C21}
	EndGlobalSection
EndGlobal
